
Microsoft Visual Studio Solution File, Format Version 12.00
# Visual Studio Version 17
VisualStudioVersion = 17.13.35825.156 d17.13
MinimumVisualStudioVersion = 10.0.40219.1
Project("{FAE04EC0-301F-11D3-BF4B-00C04F79EFBC}") = "SistemaHistorialVentasProyectoFinal", "SistemaHistorialVentasProyectoFinal\SistemaHistorialVentasProyectoFinal.csproj", "{57856AAE-D260-4F87-A187-FA01720730C5}"
EndProject
Global
	GlobalSection(SolutionConfigurationPlatforms) = preSolution
		Debug|Any CPU = Debug|Any CPU
		Release|Any CPU = Release|Any CPU
	EndGlobalSection
	GlobalSection(ProjectConfigurationPlatforms) = postSolution
		{57856AAE-D260-4F87-A187-FA01720730C5}.Debug|Any CPU.ActiveCfg = Debug|Any CPU
		{57856AAE-D260-4F87-A187-FA01720730C5}.Debug|Any CPU.Build.0 = Debug|Any CPU
		{57856AAE-D260-4F87-A187-FA01720730C5}.Release|Any CPU.ActiveCfg = Release|Any CPU
		{57856AAE-D260-4F87-A187-FA01720730C5}.Release|Any CPU.Build.0 = Release|Any CPU
	EndGlobalSection
	GlobalSection(SolutionProperties) = preSolution
		HideSolutionNode = FALSE
	EndGlobalSection
	GlobalSection(ExtensibilityGlobals) = postSolution
		SolutionGuid = {ACA3783F-7B0E-4504-A130-1A73597F2997}
	EndGlobalSection
EndGlobal
